// !$*UTF8*$!
{
	archiveVersion = 1;
	classes = {
	};
	objectVersion = 46;
	objects = {

/* Begin PBXBuildFile section */
		E14431971AEA88D4006D8577 /* WebViewController.swift in Sources */ = {isa = PBXBuildFile; fileRef = E14431961AEA88D4006D8577 /* WebViewController.swift */; };
		E1468FB81AF778C50085223D /* SwiftyJSON.swift in Sources */ = {isa = PBXBuildFile; fileRef = E1468FB71AF778C50085223D /* SwiftyJSON.swift */; };
		E152128E1AEF73370010AEAD /* DetailEditMaterielViewController.swift in Sources */ = {isa = PBXBuildFile; fileRef = E152128D1AEF73370010AEAD /* DetailEditMaterielViewController.swift */; };
		E15212901AEF78B00010AEAD /* FlecheCell.swift in Sources */ = {isa = PBXBuildFile; fileRef = E152128F1AEF78B00010AEAD /* FlecheCell.swift */; };
		E15212921AEFC5C30010AEAD /* DetailEditFlecheViewController.swift in Sources */ = {isa = PBXBuildFile; fileRef = E15212911AEFC5C30010AEAD /* DetailEditFlecheViewController.swift */; };
		E15212941AEFC6C30010AEAD /* DetailEditDistanceViewController.swift in Sources */ = {isa = PBXBuildFile; fileRef = E15212931AEFC6C30010AEAD /* DetailEditDistanceViewController.swift */; };
		E15212961AEFCA4A0010AEAD /* DetailEditTirViewController.swift in Sources */ = {isa = PBXBuildFile; fileRef = E15212951AEFCA4A0010AEAD /* DetailEditTirViewController.swift */; };
		E15212991AF0C94C0010AEAD /* Distance.swift in Sources */ = {isa = PBXBuildFile; fileRef = E15212971AF0C94C0010AEAD /* Distance.swift */; };
		E152129A1AF0C94C0010AEAD /* Hausse.swift in Sources */ = {isa = PBXBuildFile; fileRef = E15212981AF0C94C0010AEAD /* Hausse.swift */; };
		E16834C81AEE3AAE005E14B6 /* ListeViewController.swift in Sources */ = {isa = PBXBuildFile; fileRef = E16834C71AEE3AAE005E14B6 /* ListeViewController.swift */; };
		E16834CA1AEE6B06005E14B6 /* MatosCell.swift in Sources */ = {isa = PBXBuildFile; fileRef = E16834C91AEE6B06005E14B6 /* MatosCell.swift */; };
		E16834CC1AEE6CFB005E14B6 /* DistanceCell.swift in Sources */ = {isa = PBXBuildFile; fileRef = E16834CB1AEE6CFB005E14B6 /* DistanceCell.swift */; };
		E16834CE1AEE6D63005E14B6 /* TirCell.swift in Sources */ = {isa = PBXBuildFile; fileRef = E16834CD1AEE6D63005E14B6 /* TirCell.swift */; };
		E1741D801B0A30E7000CB132 /* StatistiqueViewController.swift in Sources */ = {isa = PBXBuildFile; fileRef = E1741D7F1B0A30E7000CB132 /* StatistiqueViewController.swift */; };
		E194A2281B024BDD001FC95B /* README.md in Sources */ = {isa = PBXBuildFile; fileRef = E194A2271B024BDD001FC95B /* README.md */; };
		E1B09EB21AEA320700599185 /* arclatvedas.xcdatamodeld in Sources */ = {isa = PBXBuildFile; fileRef = E1B09EB01AEA320700599185 /* arclatvedas.xcdatamodeld */; };
		E1B7B10D1B09DCE500AEF6EB /* LineChart.swift in Sources */ = {isa = PBXBuildFile; fileRef = E1B7B10C1B09DCE500AEF6EB /* LineChart.swift */; };
		E1C54D6B1AF1057100E7960C /* DistanceCellEdit.swift in Sources */ = {isa = PBXBuildFile; fileRef = E1C54D6A1AF1057100E7960C /* DistanceCellEdit.swift */; };
		E1C54D701AF1289E00E7960C /* Volee.swift in Sources */ = {isa = PBXBuildFile; fileRef = E1C54D6D1AF1289E00E7960C /* Volee.swift */; };
		E1C54D711AF1289E00E7960C /* Tir.swift in Sources */ = {isa = PBXBuildFile; fileRef = E1C54D6E1AF1289E00E7960C /* Tir.swift */; };
		E1C54D741AF22E0B00E7960C /* PseudoHausse.swift in Sources */ = {isa = PBXBuildFile; fileRef = E1C54D731AF22E0B00E7960C /* PseudoHausse.swift */; };
		E1D197951AE914E800616F1B /* AppDelegate.swift in Sources */ = {isa = PBXBuildFile; fileRef = E1D197941AE914E800616F1B /* AppDelegate.swift */; };
		E1D1979A1AE914E800616F1B /* MasterViewController.swift in Sources */ = {isa = PBXBuildFile; fileRef = E1D197991AE914E800616F1B /* MasterViewController.swift */; };
		E1D1979C1AE914E800616F1B /* DetailViewController.swift in Sources */ = {isa = PBXBuildFile; fileRef = E1D1979B1AE914E800616F1B /* DetailViewController.swift */; };
		E1D1979F1AE914E800616F1B /* Main.storyboard in Resources */ = {isa = PBXBuildFile; fileRef = E1D1979D1AE914E800616F1B /* Main.storyboard */; };
		E1D197A11AE914E800616F1B /* Images.xcassets in Resources */ = {isa = PBXBuildFile; fileRef = E1D197A01AE914E800616F1B /* Images.xcassets */; };
		E1D197A41AE914E800616F1B /* LaunchScreen.xib in Resources */ = {isa = PBXBuildFile; fileRef = E1D197A21AE914E800616F1B /* LaunchScreen.xib */; };
		E1D197B01AE914E800616F1B /* arclatvedasTests.swift in Sources */ = {isa = PBXBuildFile; fileRef = E1D197AF1AE914E800616F1B /* arclatvedasTests.swift */; };
/* End PBXBuildFile section */

/* Begin PBXContainerItemProxy section */
		E1D197AA1AE914E800616F1B /* PBXContainerItemProxy */ = {
			isa = PBXContainerItemProxy;
			containerPortal = E1D197871AE914E800616F1B /* Project object */;
			proxyType = 1;
			remoteGlobalIDString = E1D1978E1AE914E800616F1B;
			remoteInfo = arclatvedas;
		};
/* End PBXContainerItemProxy section */

/* Begin PBXFileReference section */
		E14431961AEA88D4006D8577 /* WebViewController.swift */ = {isa = PBXFileReference; fileEncoding = 4; lastKnownFileType = sourcecode.swift; path = WebViewController.swift; sourceTree = "<group>"; };
		E1468FB71AF778C50085223D /* SwiftyJSON.swift */ = {isa = PBXFileReference; fileEncoding = 4; lastKnownFileType = sourcecode.swift; path = SwiftyJSON.swift; sourceTree = "<group>"; };
		E152128D1AEF73370010AEAD /* DetailEditMaterielViewController.swift */ = {isa = PBXFileReference; fileEncoding = 4; lastKnownFileType = sourcecode.swift; path = DetailEditMaterielViewController.swift; sourceTree = "<group>"; };
		E152128F1AEF78B00010AEAD /* FlecheCell.swift */ = {isa = PBXFileReference; fileEncoding = 4; lastKnownFileType = sourcecode.swift; path = FlecheCell.swift; sourceTree = "<group>"; };
		E15212911AEFC5C30010AEAD /* DetailEditFlecheViewController.swift */ = {isa = PBXFileReference; fileEncoding = 4; lastKnownFileType = sourcecode.swift; path = DetailEditFlecheViewController.swift; sourceTree = "<group>"; };
		E15212931AEFC6C30010AEAD /* DetailEditDistanceViewController.swift */ = {isa = PBXFileReference; fileEncoding = 4; lastKnownFileType = sourcecode.swift; path = DetailEditDistanceViewController.swift; sourceTree = "<group>"; };
		E15212951AEFCA4A0010AEAD /* DetailEditTirViewController.swift */ = {isa = PBXFileReference; fileEncoding = 4; lastKnownFileType = sourcecode.swift; path = DetailEditTirViewController.swift; sourceTree = "<group>"; };
		E15212971AF0C94C0010AEAD /* Distance.swift */ = {isa = PBXFileReference; fileEncoding = 4; lastKnownFileType = sourcecode.swift; path = Distance.swift; sourceTree = "<group>"; };
		E15212981AF0C94C0010AEAD /* Hausse.swift */ = {isa = PBXFileReference; fileEncoding = 4; lastKnownFileType = sourcecode.swift; path = Hausse.swift; sourceTree = "<group>"; };
		E16834C71AEE3AAE005E14B6 /* ListeViewController.swift */ = {isa = PBXFileReference; fileEncoding = 4; lastKnownFileType = sourcecode.swift; path = ListeViewController.swift; sourceTree = "<group>"; };
		E16834C91AEE6B06005E14B6 /* MatosCell.swift */ = {isa = PBXFileReference; fileEncoding = 4; lastKnownFileType = sourcecode.swift; path = MatosCell.swift; sourceTree = "<group>"; };
		E16834CB1AEE6CFB005E14B6 /* DistanceCell.swift */ = {isa = PBXFileReference; fileEncoding = 4; lastKnownFileType = sourcecode.swift; path = DistanceCell.swift; sourceTree = "<group>"; };
		E16834CD1AEE6D63005E14B6 /* TirCell.swift */ = {isa = PBXFileReference; fileEncoding = 4; lastKnownFileType = sourcecode.swift; path = TirCell.swift; sourceTree = "<group>"; };
		E1741D7F1B0A30E7000CB132 /* StatistiqueViewController.swift */ = {isa = PBXFileReference; fileEncoding = 4; lastKnownFileType = sourcecode.swift; path = StatistiqueViewController.swift; sourceTree = "<group>"; };
		E194A2271B024BDD001FC95B /* README.md */ = {isa = PBXFileReference; fileEncoding = 4; lastKnownFileType = net.daringfireball.markdown; path = README.md; sourceTree = "<group>"; };
		E1B09EB11AEA320700599185 /* arclatvedas.xcdatamodel */ = {isa = PBXFileReference; lastKnownFileType = wrapper.xcdatamodel; path = arclatvedas.xcdatamodel; sourceTree = "<group>"; };
		E1B7B10C1B09DCE500AEF6EB /* LineChart.swift */ = {isa = PBXFileReference; fileEncoding = 4; lastKnownFileType = sourcecode.swift; path = LineChart.swift; sourceTree = "<group>"; };
		E1C54D6A1AF1057100E7960C /* DistanceCellEdit.swift */ = {isa = PBXFileReference; fileEncoding = 4; lastKnownFileType = sourcecode.swift; path = DistanceCellEdit.swift; sourceTree = "<group>"; };
		E1C54D6D1AF1289E00E7960C /* Volee.swift */ = {isa = PBXFileReference; fileEncoding = 4; lastKnownFileType = sourcecode.swift; path = Volee.swift; sourceTree = "<group>"; };
		E1C54D6E1AF1289E00E7960C /* Tir.swift */ = {isa = PBXFileReference; fileEncoding = 4; lastKnownFileType = sourcecode.swift; path = Tir.swift; sourceTree = "<group>"; };
		E1C54D731AF22E0B00E7960C /* PseudoHausse.swift */ = {isa = PBXFileReference; fileEncoding = 4; lastKnownFileType = sourcecode.swift; path = PseudoHausse.swift; sourceTree = "<group>"; };
		E1D1978F1AE914E800616F1B /* arclatvedas.app */ = {isa = PBXFileReference; explicitFileType = wrapper.application; includeInIndex = 0; path = arclatvedas.app; sourceTree = BUILT_PRODUCTS_DIR; };
		E1D197931AE914E800616F1B /* Info.plist */ = {isa = PBXFileReference; lastKnownFileType = text.plist.xml; path = Info.plist; sourceTree = "<group>"; };
		E1D197941AE914E800616F1B /* AppDelegate.swift */ = {isa = PBXFileReference; lastKnownFileType = sourcecode.swift; path = AppDelegate.swift; sourceTree = "<group>"; };
		E1D197991AE914E800616F1B /* MasterViewController.swift */ = {isa = PBXFileReference; lastKnownFileType = sourcecode.swift; path = MasterViewController.swift; sourceTree = "<group>"; };
		E1D1979B1AE914E800616F1B /* DetailViewController.swift */ = {isa = PBXFileReference; lastKnownFileType = sourcecode.swift; path = DetailViewController.swift; sourceTree = "<group>"; };
		E1D1979E1AE914E800616F1B /* Base */ = {isa = PBXFileReference; lastKnownFileType = file.storyboard; name = Base; path = Base.lproj/Main.storyboard; sourceTree = "<group>"; };
		E1D197A01AE914E800616F1B /* Images.xcassets */ = {isa = PBXFileReference; lastKnownFileType = folder.assetcatalog; path = Images.xcassets; sourceTree = "<group>"; };
		E1D197A31AE914E800616F1B /* Base */ = {isa = PBXFileReference; lastKnownFileType = file.xib; name = Base; path = Base.lproj/LaunchScreen.xib; sourceTree = "<group>"; };
		E1D197A91AE914E800616F1B /* arclatvedasTests.xctest */ = {isa = PBXFileReference; explicitFileType = wrapper.cfbundle; includeInIndex = 0; path = arclatvedasTests.xctest; sourceTree = BUILT_PRODUCTS_DIR; };
		E1D197AE1AE914E800616F1B /* Info.plist */ = {isa = PBXFileReference; lastKnownFileType = text.plist.xml; path = Info.plist; sourceTree = "<group>"; };
		E1D197AF1AE914E800616F1B /* arclatvedasTests.swift */ = {isa = PBXFileReference; lastKnownFileType = sourcecode.swift; path = arclatvedasTests.swift; sourceTree = "<group>"; };
/* End PBXFileReference section */

/* Begin PBXFrameworksBuildPhase section */
		E1D1978C1AE914E800616F1B /* Frameworks */ = {
			isa = PBXFrameworksBuildPhase;
			buildActionMask = 2147483647;
			files = (
			);
			runOnlyForDeploymentPostprocessing = 0;
		};
		E1D197A61AE914E800616F1B /* Frameworks */ = {
			isa = PBXFrameworksBuildPhase;
			buildActionMask = 2147483647;
			files = (
			);
			runOnlyForDeploymentPostprocessing = 0;
		};
/* End PBXFrameworksBuildPhase section */

/* Begin PBXGroup section */
		E1C54D721AF129BB00E7960C /* coredata */ = {
			isa = PBXGroup;
			children = (
				E1468FB71AF778C50085223D /* SwiftyJSON.swift */,
				E1C54D6D1AF1289E00E7960C /* Volee.swift */,
				E1C54D6E1AF1289E00E7960C /* Tir.swift */,
				E1B09EB01AEA320700599185 /* arclatvedas.xcdatamodeld */,
				E15212971AF0C94C0010AEAD /* Distance.swift */,
				E15212981AF0C94C0010AEAD /* Hausse.swift */,
				E1C54D731AF22E0B00E7960C /* PseudoHausse.swift */,
			);
			name = coredata;
			sourceTree = "<group>";
		};
		E1D197861AE914E800616F1B = {
			isa = PBXGroup;
			children = (
				E194A2271B024BDD001FC95B /* README.md */,
				E1D197911AE914E800616F1B /* arclatvedas */,
				E1D197AC1AE914E800616F1B /* arclatvedasTests */,
				E1D197901AE914E800616F1B /* Products */,
			);
			sourceTree = "<group>";
		};
		E1D197901AE914E800616F1B /* Products */ = {
			isa = PBXGroup;
			children = (
				E1D1978F1AE914E800616F1B /* arclatvedas.app */,
				E1D197A91AE914E800616F1B /* arclatvedasTests.xctest */,
			);
			name = Products;
			sourceTree = "<group>";
		};
		E1D197911AE914E800616F1B /* arclatvedas */ = {
			isa = PBXGroup;
			children = (
				E1B7B10C1B09DCE500AEF6EB /* LineChart.swift */,
				E1C54D721AF129BB00E7960C /* coredata */,
				E1D197941AE914E800616F1B /* AppDelegate.swift */,
				E16834C71AEE3AAE005E14B6 /* ListeViewController.swift */,
				E16834C91AEE6B06005E14B6 /* MatosCell.swift */,
				E16834CB1AEE6CFB005E14B6 /* DistanceCell.swift */,
				E1C54D6A1AF1057100E7960C /* DistanceCellEdit.swift */,
				E16834CD1AEE6D63005E14B6 /* TirCell.swift */,
				E152128F1AEF78B00010AEAD /* FlecheCell.swift */,
				E1D197991AE914E800616F1B /* MasterViewController.swift */,
				E1D1979B1AE914E800616F1B /* DetailViewController.swift */,
				E1741D7F1B0A30E7000CB132 /* StatistiqueViewController.swift */,
				E152128D1AEF73370010AEAD /* DetailEditMaterielViewController.swift */,
				E15212911AEFC5C30010AEAD /* DetailEditFlecheViewController.swift */,
				E15212931AEFC6C30010AEAD /* DetailEditDistanceViewController.swift */,
				E15212951AEFCA4A0010AEAD /* DetailEditTirViewController.swift */,
				E14431961AEA88D4006D8577 /* WebViewController.swift */,
				E1D1979D1AE914E800616F1B /* Main.storyboard */,
				E1D197A01AE914E800616F1B /* Images.xcassets */,
				E1D197A21AE914E800616F1B /* LaunchScreen.xib */,
				E1D197921AE914E800616F1B /* Supporting Files */,
			);
			path = arclatvedas;
			sourceTree = "<group>";
		};
		E1D197921AE914E800616F1B /* Supporting Files */ = {
			isa = PBXGroup;
			children = (
				E1D197931AE914E800616F1B /* Info.plist */,
			);
			name = "Supporting Files";
			sourceTree = "<group>";
		};
		E1D197AC1AE914E800616F1B /* arclatvedasTests */ = {
			isa = PBXGroup;
			children = (
				E1D197AF1AE914E800616F1B /* arclatvedasTests.swift */,
				E1D197AD1AE914E800616F1B /* Supporting Files */,
			);
			path = arclatvedasTests;
			sourceTree = "<group>";
		};
		E1D197AD1AE914E800616F1B /* Supporting Files */ = {
			isa = PBXGroup;
			children = (
				E1D197AE1AE914E800616F1B /* Info.plist */,
			);
			name = "Supporting Files";
			sourceTree = "<group>";
		};
/* End PBXGroup section */

/* Begin PBXNativeTarget section */
		E1D1978E1AE914E800616F1B /* arclatvedas */ = {
			isa = PBXNativeTarget;
			buildConfigurationList = E1D197B31AE914E800616F1B /* Build configuration list for PBXNativeTarget "arclatvedas" */;
			buildPhases = (
				E1D1978B1AE914E800616F1B /* Sources */,
				E1D1978C1AE914E800616F1B /* Frameworks */,
				E1D1978D1AE914E800616F1B /* Resources */,
			);
			buildRules = (
			);
			dependencies = (
			);
			name = arclatvedas;
			productName = arclatvedas;
			productReference = E1D1978F1AE914E800616F1B /* arclatvedas.app */;
			productType = "com.apple.product-type.application";
		};
		E1D197A81AE914E800616F1B /* arclatvedasTests */ = {
			isa = PBXNativeTarget;
			buildConfigurationList = E1D197B61AE914E800616F1B /* Build configuration list for PBXNativeTarget "arclatvedasTests" */;
			buildPhases = (
				E1D197A51AE914E800616F1B /* Sources */,
				E1D197A61AE914E800616F1B /* Frameworks */,
				E1D197A71AE914E800616F1B /* Resources */,
			);
			buildRules = (
			);
			dependencies = (
				E1D197AB1AE914E800616F1B /* PBXTargetDependency */,
			);
			name = arclatvedasTests;
			productName = arclatvedasTests;
			productReference = E1D197A91AE914E800616F1B /* arclatvedasTests.xctest */;
			productType = "com.apple.product-type.bundle.unit-test";
		};
/* End PBXNativeTarget section */

/* Begin PBXProject section */
		E1D197871AE914E800616F1B /* Project object */ = {
			isa = PBXProject;
			attributes = {
				LastUpgradeCheck = 0630;
				ORGANIZATIONNAME = jack;
				TargetAttributes = {
					E1D1978E1AE914E800616F1B = {
						CreatedOnToolsVersion = 6.3.1;
						DevelopmentTeam = FF9F6L695S;
					};
					E1D197A81AE914E800616F1B = {
						CreatedOnToolsVersion = 6.3.1;
						TestTargetID = E1D1978E1AE914E800616F1B;
					};
				};
			};
			buildConfigurationList = E1D1978A1AE914E800616F1B /* Build configuration list for PBXProject "arclatvedas" */;
			compatibilityVersion = "Xcode 3.2";
			developmentRegion = English;
			hasScannedForEncodings = 0;
			knownRegions = (
				en,
				Base,
			);
			mainGroup = E1D197861AE914E800616F1B;
			productRefGroup = E1D197901AE914E800616F1B /* Products */;
			projectDirPath = "";
			projectRoot = "";
			targets = (
				E1D1978E1AE914E800616F1B /* arclatvedas */,
				E1D197A81AE914E800616F1B /* arclatvedasTests */,
			);
		};
/* End PBXProject section */

/* Begin PBXResourcesBuildPhase section */
		E1D1978D1AE914E800616F1B /* Resources */ = {
			isa = PBXResourcesBuildPhase;
			buildActionMask = 2147483647;
			files = (
				E1D1979F1AE914E800616F1B /* Main.storyboard in Resources */,
				E1D197A41AE914E800616F1B /* LaunchScreen.xib in Resources */,
				E1D197A11AE914E800616F1B /* Images.xcassets in Resources */,
			);
			runOnlyForDeploymentPostprocessing = 0;
		};
		E1D197A71AE914E800616F1B /* Resources */ = {
			isa = PBXResourcesBuildPhase;
			buildActionMask = 2147483647;
			files = (
			);
			runOnlyForDeploymentPostprocessing = 0;
		};
/* End PBXResourcesBuildPhase section */

/* Begin PBXSourcesBuildPhase section */
		E1D1978B1AE914E800616F1B /* Sources */ = {
			isa = PBXSourcesBuildPhase;
			buildActionMask = 2147483647;
			files = (
				E1C54D701AF1289E00E7960C /* Volee.swift in Sources */,
				E152129A1AF0C94C0010AEAD /* Hausse.swift in Sources */,
				E16834CC1AEE6CFB005E14B6 /* DistanceCell.swift in Sources */,
				E1B7B10D1B09DCE500AEF6EB /* LineChart.swift in Sources */,
				E15212941AEFC6C30010AEAD /* DetailEditDistanceViewController.swift in Sources */,
				E15212901AEF78B00010AEAD /* FlecheCell.swift in Sources */,
				E1D197951AE914E800616F1B /* AppDelegate.swift in Sources */,
				E16834CA1AEE6B06005E14B6 /* MatosCell.swift in Sources */,
				E1C54D711AF1289E00E7960C /* Tir.swift in Sources */,
				E1D1979A1AE914E800616F1B /* MasterViewController.swift in Sources */,
				E16834C81AEE3AAE005E14B6 /* ListeViewController.swift in Sources */,
				E15212921AEFC5C30010AEAD /* DetailEditFlecheViewController.swift in Sources */,
				E1B09EB21AEA320700599185 /* arclatvedas.xcdatamodeld in Sources */,
				E1468FB81AF778C50085223D /* SwiftyJSON.swift in Sources */,
				E1C54D741AF22E0B00E7960C /* PseudoHausse.swift in Sources */,
				E15212991AF0C94C0010AEAD /* Distance.swift in Sources */,
				E15212961AEFCA4A0010AEAD /* DetailEditTirViewController.swift in Sources */,
				E1741D801B0A30E7000CB132 /* StatistiqueViewController.swift in Sources */,
				E1C54D6B1AF1057100E7960C /* DistanceCellEdit.swift in Sources */,
				E152128E1AEF73370010AEAD /* DetailEditMaterielViewController.swift in Sources */,
				E14431971AEA88D4006D8577 /* WebViewController.swift in Sources */,
				E16834CE1AEE6D63005E14B6 /* TirCell.swift in Sources */,
				E194A2281B024BDD001FC95B /* README.md in Sources */,
				E1D1979C1AE914E800616F1B /* DetailViewController.swift in Sources */,
			);
			runOnlyForDeploymentPostprocessing = 0;
		};
		E1D197A51AE914E800616F1B /* Sources */ = {
			isa = PBXSourcesBuildPhase;
			buildActionMask = 2147483647;
			files = (
				E1D197B01AE914E800616F1B /* arclatvedasTests.swift in Sources */,
			);
			runOnlyForDeploymentPostprocessing = 0;
		};
/* End PBXSourcesBuildPhase section */

/* Begin PBXTargetDependency section */
		E1D197AB1AE914E800616F1B /* PBXTargetDependency */ = {
			isa = PBXTargetDependency;
			target = E1D1978E1AE914E800616F1B /* arclatvedas */;
			targetProxy = E1D197AA1AE914E800616F1B /* PBXContainerItemProxy */;
		};
/* End PBXTargetDependency section */

/* Begin PBXVariantGroup section */
		E1D1979D1AE914E800616F1B /* Main.storyboard */ = {
			isa = PBXVariantGroup;
			children = (
				E1D1979E1AE914E800616F1B /* Base */,
			);
			name = Main.storyboard;
			sourceTree = "<group>";
		};
		E1D197A21AE914E800616F1B /* LaunchScreen.xib */ = {
			isa = PBXVariantGroup;
			children = (
				E1D197A31AE914E800616F1B /* Base */,
			);
			name = LaunchScreen.xib;
			sourceTree = "<group>";
		};
/* End PBXVariantGroup section */

/* Begin XCBuildConfiguration section */
		E1D197B11AE914E800616F1B /* Debug */ = {
			isa = XCBuildConfiguration;
			buildSettings = {
				ALWAYS_SEARCH_USER_PATHS = NO;
				CLANG_CXX_LANGUAGE_STANDARD = "gnu++0x";
				CLANG_CXX_LIBRARY = "libc++";
				CLANG_ENABLE_MODULES = YES;
				CLANG_ENABLE_OBJC_ARC = YES;
				CLANG_WARN_BOOL_CONVERSION = YES;
				CLANG_WARN_CONSTANT_CONVERSION = YES;
				CLANG_WARN_DIRECT_OBJC_ISA_USAGE = YES_ERROR;
				CLANG_WARN_EMPTY_BODY = YES;
				CLANG_WARN_ENUM_CONVERSION = YES;
				CLANG_WARN_INT_CONVERSION = YES;
				CLANG_WARN_OBJC_ROOT_CLASS = YES_ERROR;
				CLANG_WARN_UNREACHABLE_CODE = YES;
				CLANG_WARN__DUPLICATE_METHOD_MATCH = YES;
				"CODE_SIGN_IDENTITY[sdk=iphoneos*]" = "iPhone Developer";
				COPY_PHASE_STRIP = NO;
				DEBUG_INFORMATION_FORMAT = "dwarf-with-dsym";
				ENABLE_STRICT_OBJC_MSGSEND = YES;
				GCC_C_LANGUAGE_STANDARD = gnu99;
				GCC_DYNAMIC_NO_PIC = NO;
				GCC_NO_COMMON_BLOCKS = YES;
				GCC_OPTIMIZATION_LEVEL = 0;
				GCC_PREPROCESSOR_DEFINITIONS = (
					"DEBUG=1",
					"$(inherited)",
				);
				GCC_SYMBOLS_PRIVATE_EXTERN = NO;
				GCC_WARN_64_TO_32_BIT_CONVERSION = YES;
				GCC_WARN_ABOUT_RETURN_TYPE = YES_ERROR;
				GCC_WARN_UNDECLARED_SELECTOR = YES;
				GCC_WARN_UNINITIALIZED_AUTOS = YES_AGGRESSIVE;
				GCC_WARN_UNUSED_FUNCTION = YES;
				GCC_WARN_UNUSED_VARIABLE = YES;
				IPHONEOS_DEPLOYMENT_TARGET = 8.0;
				MTL_ENABLE_DEBUG_INFO = YES;
				ONLY_ACTIVE_ARCH = YES;
				SDKROOT = iphoneos;
				SWIFT_OPTIMIZATION_LEVEL = "-Onone";
				TARGETED_DEVICE_FAMILY = "1,2";
			};
			name = Debug;
		};
		E1D197B21AE914E800616F1B /* Release */ = {
			isa = XCBuildConfiguration;
			buildSettings = {
				ALWAYS_SEARCH_USER_PATHS = NO;
				CLANG_CXX_LANGUAGE_STANDARD = "gnu++0x";
				CLANG_CXX_LIBRARY = "libc++";
				CLANG_ENABLE_MODULES = YES;
				CLANG_ENABLE_OBJC_ARC = YES;
				CLANG_WARN_BOOL_CONVERSION = YES;
				CLANG_WARN_CONSTANT_CONVERSION = YES;
				CLANG_WARN_DIRECT_OBJC_ISA_USAGE = YES_ERROR;
				CLANG_WARN_EMPTY_BODY = YES;
				CLANG_WARN_ENUM_CONVERSION = YES;
				CLANG_WARN_INT_CONVERSION = YES;
				CLANG_WARN_OBJC_ROOT_CLASS = YES_ERROR;
				CLANG_WARN_UNREACHABLE_CODE = YES;
				CLANG_WARN__DUPLICATE_METHOD_MATCH = YES;
				"CODE_SIGN_IDENTITY[sdk=iphoneos*]" = "iPhone Distribution: OLILOG Conseil (FF9F6L695S)";
				COPY_PHASE_STRIP = NO;
				DEBUG_INFORMATION_FORMAT = "dwarf-with-dsym";
				ENABLE_NS_ASSERTIONS = NO;
				ENABLE_STRICT_OBJC_MSGSEND = YES;
				GCC_C_LANGUAGE_STANDARD = gnu99;
				GCC_NO_COMMON_BLOCKS = YES;
				GCC_WARN_64_TO_32_BIT_CONVERSION = YES;
				GCC_WARN_ABOUT_RETURN_TYPE = YES_ERROR;
				GCC_WARN_UNDECLARED_SELECTOR = YES;
				GCC_WARN_UNINITIALIZED_AUTOS = YES_AGGRESSIVE;
				GCC_WARN_UNUSED_FUNCTION = YES;
				GCC_WARN_UNUSED_VARIABLE = YES;
				IPHONEOS_DEPLOYMENT_TARGET = 8.0;
				MTL_ENABLE_DEBUG_INFO = NO;
				SDKROOT = iphoneos;
				TARGETED_DEVICE_FAMILY = "1,2";
				VALIDATE_PRODUCT = YES;
			};
			name = Release;
		};
		E1D197B41AE914E800616F1B /* Debug */ = {
			isa = XCBuildConfiguration;
			buildSettings = {
				ASSETCATALOG_COMPILER_APPICON_NAME = AppIcon;
				CODE_SIGN_IDENTITY = "iPhone Developer";
				"CODE_SIGN_IDENTITY[sdk=iphoneos*]" = "iPhone Developer";
				INFOPLIST_FILE = arclatvedas/Info.plist;
				LD_RUNPATH_SEARCH_PATHS = "$(inherited) @executable_path/Frameworks";
				PRODUCT_NAME = "$(TARGET_NAME)";
				PROVISIONING_PROFILE = "";
			};
			name = Debug;
		};
		E1D197B51AE914E800616F1B /* Release */ = {
			isa = XCBuildConfiguration;
			buildSettings = {
				ASSETCATALOG_COMPILER_APPICON_NAME = AppIcon;
				CODE_SIGN_IDENTITY = "iPhone Developer";
				"CODE_SIGN_IDENTITY[sdk=iphoneos*]" = "iPhone Developer";
				INFOPLIST_FILE = arclatvedas/Info.plist;
				LD_RUNPATH_SEARCH_PATHS = "$(inherited) @executable_path/Frameworks";
				PRODUCT_NAME = "$(TARGET_NAME)";
				PROVISIONING_PROFILE = "";
			};
			name = Release;
		};
		E1D197B71AE914E800616F1B /* Debug */ = {
			isa = XCBuildConfiguration;
			buildSettings = {
				BUNDLE_LOADER = "$(TEST_HOST)";
				FRAMEWORK_SEARCH_PATHS = (
					"$(SDKROOT)/Developer/Library/Frameworks",
					"$(inherited)",
				);
				GCC_PREPROCESSOR_DEFINITIONS = (
					"DEBUG=1",
					"$(inherited)",
				);
				INFOPLIST_FILE = arclatvedasTests/Info.plist;
				LD_RUNPATH_SEARCH_PATHS = "$(inherited) @executable_path/Frameworks @loader_path/Frameworks";
				PRODUCT_NAME = "$(TARGET_NAME)";
				TEST_HOST = "$(BUILT_PRODUCTS_DIR)/arclatvedas.app/arclatvedas";
			};
			name = Debug;
		};
		E1D197B81AE914E800616F1B /* Release */ = {
			isa = XCBuildConfiguration;
			buildSettings = {
				BUNDLE_LOADER = "$(TEST_HOST)";
				FRAMEWORK_SEARCH_PATHS = (
					"$(SDKROOT)/Developer/Library/Frameworks",
					"$(inherited)",
				);
				INFOPLIST_FILE = arclatvedasTests/Info.plist;
				LD_RUNPATH_SEARCH_PATHS = "$(inherited) @executable_path/Frameworks @loader_path/Frameworks";
				PRODUCT_NAME = "$(TARGET_NAME)";
				TEST_HOST = "$(BUILT_PRODUCTS_DIR)/arclatvedas.app/arclatvedas";
			};
			name = Release;
		};
/* End XCBuildConfiguration section */

/* Begin XCConfigurationList section */
		E1D1978A1AE914E800616F1B /* Build configuration list for PBXProject "arclatvedas" */ = {
			isa = XCConfigurationList;
			buildConfigurations = (
				E1D197B11AE914E800616F1B /* Debug */,
				E1D197B21AE914E800616F1B /* Release */,
			);
			defaultConfigurationIsVisible = 0;
			defaultConfigurationName = Release;
		};
		E1D197B31AE914E800616F1B /* Build configuration list for PBXNativeTarget "arclatvedas" */ = {
			isa = XCConfigurationList;
			buildConfigurations = (
				E1D197B41AE914E800616F1B /* Debug */,
				E1D197B51AE914E800616F1B /* Release */,
			);
			defaultConfigurationIsVisible = 0;
			defaultConfigurationName = Release;
		};
		E1D197B61AE914E800616F1B /* Build configuration list for PBXNativeTarget "arclatvedasTests" */ = {
			isa = XCConfigurationList;
			buildConfigurations = (
				E1D197B71AE914E800616F1B /* Debug */,
				E1D197B81AE914E800616F1B /* Release */,
			);
			defaultConfigurationIsVisible = 0;
			defaultConfigurationName = Release;
		};
/* End XCConfigurationList section */

/* Begin XCVersionGroup section */
		E1B09EB01AEA320700599185 /* arclatvedas.xcdatamodeld */ = {
			isa = XCVersionGroup;
			children = (
				E1B09EB11AEA320700599185 /* arclatvedas.xcdatamodel */,
			);
			currentVersion = E1B09EB11AEA320700599185 /* arclatvedas.xcdatamodel */;
			path = arclatvedas.xcdatamodeld;
			sourceTree = "<group>";
			versionGroupType = wrapper.xcdatamodel;
		};
/* End XCVersionGroup section */
	};
	rootObject = E1D197871AE914E800616F1B /* Project object */;
}
